// !$*UTF8*$!
{
	archiveVersion = 1;
	classes = {
	};
	objectVersion = 46;
	objects = {

/* Begin PBXBuildFile section */
		6488A2071E0685EE000F10E5 /* OYNaviLeftItemView.m in Sources */ = {isa = PBXBuildFile; fileRef = 6488A2061E0685EE000F10E5 /* OYNaviLeftItemView.m */; };
		64BB877E1E05512200F30A6E /* main.m in Sources */ = {isa = PBXBuildFile; fileRef = 64BB877D1E05512200F30A6E /* main.m */; };
		64BB87811E05512200F30A6E /* AppDelegate.m in Sources */ = {isa = PBXBuildFile; fileRef = 64BB87801E05512200F30A6E /* AppDelegate.m */; };
		64BB87891E05512200F30A6E /* Assets.xcassets in Resources */ = {isa = PBXBuildFile; fileRef = 64BB87881E05512200F30A6E /* Assets.xcassets */; };
		64BB87A21E05572200F30A6E /* OYNavitionController.m in Sources */ = {isa = PBXBuildFile; fileRef = 64BB87A11E05572200F30A6E /* OYNavitionController.m */; };
		64BB87A51E05573D00F30A6E /* OYHomeController.m in Sources */ = {isa = PBXBuildFile; fileRef = 64BB87A41E05573D00F30A6E /* OYHomeController.m */; };
		64BB87A81E055E5300F30A6E /* UIView+OYCategory.m in Sources */ = {isa = PBXBuildFile; fileRef = 64BB87A71E055E5300F30A6E /* UIView+OYCategory.m */; };
		64BB87AB1E0568A400F30A6E /* UIBarButtonItem+OYCategory.m in Sources */ = {isa = PBXBuildFile; fileRef = 64BB87AA1E0568A400F30A6E /* UIBarButtonItem+OYCategory.m */; };
/* End PBXBuildFile section */

/* Begin PBXFileReference section */
		6488A2051E0685EE000F10E5 /* OYNaviLeftItemView.h */ = {isa = PBXFileReference; fileEncoding = 4; lastKnownFileType = sourcecode.c.h; path = OYNaviLeftItemView.h; sourceTree = "<group>"; };
		6488A2061E0685EE000F10E5 /* OYNaviLeftItemView.m */ = {isa = PBXFileReference; fileEncoding = 4; lastKnownFileType = sourcecode.c.objc; path = OYNaviLeftItemView.m; sourceTree = "<group>"; };
		64BB87791E05512200F30A6E /* MTHD.app */ = {isa = PBXFileReference; explicitFileType = wrapper.application; includeInIndex = 0; path = MTHD.app; sourceTree = BUILT_PRODUCTS_DIR; };
		64BB877D1E05512200F30A6E /* main.m */ = {isa = PBXFileReference; lastKnownFileType = sourcecode.c.objc; path = main.m; sourceTree = "<group>"; };
		64BB877F1E05512200F30A6E /* AppDelegate.h */ = {isa = PBXFileReference; lastKnownFileType = sourcecode.c.h; path = AppDelegate.h; sourceTree = "<group>"; };
		64BB87801E05512200F30A6E /* AppDelegate.m */ = {isa = PBXFileReference; lastKnownFileType = sourcecode.c.objc; path = AppDelegate.m; sourceTree = "<group>"; };
		64BB87881E05512200F30A6E /* Assets.xcassets */ = {isa = PBXFileReference; lastKnownFileType = folder.assetcatalog; path = Assets.xcassets; sourceTree = "<group>"; };
		64BB878D1E05512200F30A6E /* Info.plist */ = {isa = PBXFileReference; lastKnownFileType = text.plist.xml; path = Info.plist; sourceTree = "<group>"; };
		64BB879F1E0556DC00F30A6E /* PrefixHeader.pch */ = {isa = PBXFileReference; lastKnownFileType = sourcecode.c.h; path = PrefixHeader.pch; sourceTree = "<group>"; };
		64BB87A01E05572200F30A6E /* OYNavitionController.h */ = {isa = PBXFileReference; fileEncoding = 4; lastKnownFileType = sourcecode.c.h; path = OYNavitionController.h; sourceTree = "<group>"; };
		64BB87A11E05572200F30A6E /* OYNavitionController.m */ = {isa = PBXFileReference; fileEncoding = 4; lastKnownFileType = sourcecode.c.objc; path = OYNavitionController.m; sourceTree = "<group>"; };
		64BB87A31E05573D00F30A6E /* OYHomeController.h */ = {isa = PBXFileReference; fileEncoding = 4; lastKnownFileType = sourcecode.c.h; path = OYHomeController.h; sourceTree = "<group>"; };
		64BB87A41E05573D00F30A6E /* OYHomeController.m */ = {isa = PBXFileReference; fileEncoding = 4; lastKnownFileType = sourcecode.c.objc; path = OYHomeController.m; sourceTree = "<group>"; };
		64BB87A61E055E5300F30A6E /* UIView+OYCategory.h */ = {isa = PBXFileReference; fileEncoding = 4; lastKnownFileType = sourcecode.c.h; path = "UIView+OYCategory.h"; sourceTree = "<group>"; };
		64BB87A71E055E5300F30A6E /* UIView+OYCategory.m */ = {isa = PBXFileReference; fileEncoding = 4; lastKnownFileType = sourcecode.c.objc; path = "UIView+OYCategory.m"; sourceTree = "<group>"; };
		64BB87A91E0568A400F30A6E /* UIBarButtonItem+OYCategory.h */ = {isa = PBXFileReference; fileEncoding = 4; lastKnownFileType = sourcecode.c.h; path = "UIBarButtonItem+OYCategory.h"; sourceTree = "<group>"; };
		64BB87AA1E0568A400F30A6E /* UIBarButtonItem+OYCategory.m */ = {isa = PBXFileReference; fileEncoding = 4; lastKnownFileType = sourcecode.c.objc; path = "UIBarButtonItem+OYCategory.m"; sourceTree = "<group>"; };
/* End PBXFileReference section */

/* Begin PBXFrameworksBuildPhase section */
		64BB87761E05512200F30A6E /* Frameworks */ = {
			isa = PBXFrameworksBuildPhase;
			buildActionMask = 2147483647;
			files = (
			);
			runOnlyForDeploymentPostprocessing = 0;
		};
/* End PBXFrameworksBuildPhase section */

/* Begin PBXGroup section */
		64BB87701E05512200F30A6E = {
			isa = PBXGroup;
			children = (
				64BB877B1E05512200F30A6E /* MTHD */,
				64BB877A1E05512200F30A6E /* Products */,
			);
			sourceTree = "<group>";
		};
		64BB877A1E05512200F30A6E /* Products */ = {
			isa = PBXGroup;
			children = (
				64BB87791E05512200F30A6E /* MTHD.app */,
			);
			name = Products;
			sourceTree = "<group>";
		};
		64BB877B1E05512200F30A6E /* MTHD */ = {
			isa = PBXGroup;
			children = (
				64BB87931E05539200F30A6E /* Classes */,
				64BB877F1E05512200F30A6E /* AppDelegate.h */,
				64BB87801E05512200F30A6E /* AppDelegate.m */,
				64BB87881E05512200F30A6E /* Assets.xcassets */,
				64BB878D1E05512200F30A6E /* Info.plist */,
				64BB877C1E05512200F30A6E /* Supporting Files */,
				64BB879F1E0556DC00F30A6E /* PrefixHeader.pch */,
			);
			path = MTHD;
			sourceTree = "<group>";
		};
		64BB877C1E05512200F30A6E /* Supporting Files */ = {
			isa = PBXGroup;
			children = (
				64BB877D1E05512200F30A6E /* main.m */,
			);
			name = "Supporting Files";
			sourceTree = "<group>";
		};
		64BB87931E05539200F30A6E /* Classes */ = {
			isa = PBXGroup;
			children = (
				64BB87941E05539200F30A6E /* Home */,
				64BB87981E05539200F30A6E /* Main */,
			);
			path = Classes;
			sourceTree = "<group>";
		};
		64BB87941E05539200F30A6E /* Home */ = {
			isa = PBXGroup;
			children = (
				64BB87951E05539200F30A6E /* Controller */,
				64BB87961E05539200F30A6E /* Model */,
				64BB87971E05539200F30A6E /* View */,
			);
			path = Home;
			sourceTree = "<group>";
		};
		64BB87951E05539200F30A6E /* Controller */ = {
			isa = PBXGroup;
			children = (
				64BB87A31E05573D00F30A6E /* OYHomeController.h */,
				64BB87A41E05573D00F30A6E /* OYHomeController.m */,
			);
			path = Controller;
			sourceTree = "<group>";
		};
		64BB87961E05539200F30A6E /* Model */ = {
			isa = PBXGroup;
			children = (
			);
			path = Model;
			sourceTree = "<group>";
		};
		64BB87971E05539200F30A6E /* View */ = {
			isa = PBXGroup;
			children = (
				6488A2051E0685EE000F10E5 /* OYNaviLeftItemView.h */,
				6488A2061E0685EE000F10E5 /* OYNaviLeftItemView.m */,
			);
			path = View;
			sourceTree = "<group>";
		};
		64BB87981E05539200F30A6E /* Main */ = {
			isa = PBXGroup;
			children = (
				64BB87991E05539200F30A6E /* Base */,
				64BB879A1E05539200F30A6E /* Category */,
				64BB879B1E05539200F30A6E /* Common */,
				64BB879C1E05539200F30A6E /* Libs */,
				64BB879D1E05539200F30A6E /* Tools */,
			);
			path = Main;
			sourceTree = "<group>";
		};
		64BB87991E05539200F30A6E /* Base */ = {
			isa = PBXGroup;
			children = (
				64BB87A01E05572200F30A6E /* OYNavitionController.h */,
				64BB87A11E05572200F30A6E /* OYNavitionController.m */,
			);
			path = Base;
			sourceTree = "<group>";
		};
		64BB879A1E05539200F30A6E /* Category */ = {
			isa = PBXGroup;
			children = (
				64BB87A61E055E5300F30A6E /* UIView+OYCategory.h */,
				64BB87A71E055E5300F30A6E /* UIView+OYCategory.m */,
				64BB87A91E0568A400F30A6E /* UIBarButtonItem+OYCategory.h */,
				64BB87AA1E0568A400F30A6E /* UIBarButtonItem+OYCategory.m */,
			);
			path = Category;
			sourceTree = "<group>";
		};
		64BB879B1E05539200F30A6E /* Common */ = {
			isa = PBXGroup;
			children = (
			);
			path = Common;
			sourceTree = "<group>";
		};
		64BB879C1E05539200F30A6E /* Libs */ = {
			isa = PBXGroup;
			children = (
			);
			path = Libs;
			sourceTree = "<group>";
		};
		64BB879D1E05539200F30A6E /* Tools */ = {
			isa = PBXGroup;
			children = (
			);
			path = Tools;
			sourceTree = "<group>";
		};
/* End PBXGroup section */

/* Begin PBXNativeTarget section */
		64BB87781E05512200F30A6E /* MTHD */ = {
			isa = PBXNativeTarget;
			buildConfigurationList = 64BB87901E05512200F30A6E /* Build configuration list for PBXNativeTarget "MTHD" */;
			buildPhases = (
				64BB87751E05512200F30A6E /* Sources */,
				64BB87761E05512200F30A6E /* Frameworks */,
				64BB87771E05512200F30A6E /* Resources */,
			);
			buildRules = (
			);
			dependencies = (
			);
			name = MTHD;
			productName = MTHD;
			productReference = 64BB87791E05512200F30A6E /* MTHD.app */;
			productType = "com.apple.product-type.application";
		};
/* End PBXNativeTarget section */

/* Begin PBXProject section */
		64BB87711E05512200F30A6E /* Project object */ = {
			isa = PBXProject;
			attributes = {
				CLASSPREFIX = OY;
				LastUpgradeCheck = 0810;
				ORGANIZATIONNAME = "Orange Yu";
				TargetAttributes = {
					64BB87781E05512200F30A6E = {
						CreatedOnToolsVersion = 8.1;
						DevelopmentTeam = VHCMRD88G8;
						ProvisioningStyle = Automatic;
					};
				};
			};
			buildConfigurationList = 64BB87741E05512200F30A6E /* Build configuration list for PBXProject "MTHD" */;
			compatibilityVersion = "Xcode 3.2";
			developmentRegion = English;
			hasScannedForEncodings = 0;
			knownRegions = (
				en,
				Base,
			);
			mainGroup = 64BB87701E05512200F30A6E;
			productRefGroup = 64BB877A1E05512200F30A6E /* Products */;
			projectDirPath = "";
			projectRoot = "";
			targets = (
				64BB87781E05512200F30A6E /* MTHD */,
			);
		};
/* End PBXProject section */

/* Begin PBXResourcesBuildPhase section */
		64BB87771E05512200F30A6E /* Resources */ = {
			isa = PBXResourcesBuildPhase;
			buildActionMask = 2147483647;
			files = (
				64BB87891E05512200F30A6E /* Assets.xcassets in Resources */,
			);
			runOnlyForDeploymentPostprocessing = 0;
		};
/* End PBXResourcesBuildPhase section */

/* Begin PBXSourcesBuildPhase section */
		64BB87751E05512200F30A6E /* Sources */ = {
			isa = PBXSourcesBuildPhase;
			buildActionMask = 2147483647;
			files = (
				64BB87811E05512200F30A6E /* AppDelegate.m in Sources */,
				6488A2071E0685EE000F10E5 /* OYNaviLeftItemView.m in Sources */,
				64BB87A81E055E5300F30A6E /* UIView+OYCategory.m in Sources */,
				64BB87AB1E0568A400F30A6E /* UIBarButtonItem+OYCategory.m in Sources */,
				64BB877E1E05512200F30A6E /* main.m in Sources */,
				64BB87A51E05573D00F30A6E /* OYHomeController.m in Sources */,
				64BB87A21E05572200F30A6E /* OYNavitionController.m in Sources */,
			);
			runOnlyForDeploymentPostprocessing = 0;
		};
/* End PBXSourcesBuildPhase section */

/* Begin XCBuildConfiguration section */
		64BB878E1E05512200F30A6E /* Debug */ = {
			isa = XCBuildConfiguration;
			buildSettings = {
				ALWAYS_SEARCH_USER_PATHS = NO;
				CLANG_ANALYZER_NONNULL = YES;
				CLANG_CXX_LANGUAGE_STANDARD = "gnu++0x";
				CLANG_CXX_LIBRARY = "libc++";
				CLANG_ENABLE_MODULES = YES;
				CLANG_ENABLE_OBJC_ARC = YES;
				CLANG_WARN_BOOL_CONVERSION = YES;
				CLANG_WARN_CONSTANT_CONVERSION = YES;
				CLANG_WARN_DIRECT_OBJC_ISA_USAGE = YES_ERROR;
				CLANG_WARN_DOCUMENTATION_COMMENTS = YES;
				CLANG_WARN_EMPTY_BODY = YES;
				CLANG_WARN_ENUM_CONVERSION = YES;
				CLANG_WARN_INFINITE_RECURSION = YES;
				CLANG_WARN_INT_CONVERSION = YES;
				CLANG_WARN_OBJC_ROOT_CLASS = YES_ERROR;
				CLANG_WARN_SUSPICIOUS_MOVES = YES;
				CLANG_WARN_UNREACHABLE_CODE = YES;
				CLANG_WARN__DUPLICATE_METHOD_MATCH = YES;
				"CODE_SIGN_IDENTITY[sdk=iphoneos*]" = "iPhone Developer";
				COPY_PHASE_STRIP = NO;
				DEBUG_INFORMATION_FORMAT = dwarf;
				ENABLE_STRICT_OBJC_MSGSEND = YES;
				ENABLE_TESTABILITY = YES;
				GCC_C_LANGUAGE_STANDARD = gnu99;
				GCC_DYNAMIC_NO_PIC = NO;
				GCC_NO_COMMON_BLOCKS = YES;
				GCC_OPTIMIZATION_LEVEL = 0;
				GCC_PREPROCESSOR_DEFINITIONS = (
					"DEBUG=1",
					"$(inherited)",
				);
				GCC_WARN_64_TO_32_BIT_CONVERSION = YES;
				GCC_WARN_ABOUT_RETURN_TYPE = YES_ERROR;
				GCC_WARN_UNDECLARED_SELECTOR = YES;
				GCC_WARN_UNINITIALIZED_AUTOS = YES_AGGRESSIVE;
				GCC_WARN_UNUSED_FUNCTION = YES;
				GCC_WARN_UNUSED_VARIABLE = YES;
				IPHONEOS_DEPLOYMENT_TARGET = 10.1;
				MTL_ENABLE_DEBUG_INFO = YES;
				ONLY_ACTIVE_ARCH = YES;
				SDKROOT = iphoneos;
				TARGETED_DEVICE_FAMILY = 2;
			};
			name = Debug;
		};
		64BB878F1E05512200F30A6E /* Release */ = {
			isa = XCBuildConfiguration;
			buildSettings = {
				ALWAYS_SEARCH_USER_PATHS = NO;
				CLANG_ANALYZER_NONNULL = YES;
				CLANG_CXX_LANGUAGE_STANDARD = "gnu++0x";
				CLANG_CXX_LIBRARY = "libc++";
				CLANG_ENABLE_MODULES = YES;
				CLANG_ENABLE_OBJC_ARC = YES;
				CLANG_WARN_BOOL_CONVERSION = YES;
				CLANG_WARN_CONSTANT_CONVERSION = YES;
				CLANG_WARN_DIRECT_OBJC_ISA_USAGE = YES_ERROR;
				CLANG_WARN_DOCUMENTATION_COMMENTS = YES;
				CLANG_WARN_EMPTY_BODY = YES;
				CLANG_WARN_ENUM_CONVERSION = YES;
				CLANG_WARN_INFINITE_RECURSION = YES;
				CLANG_WARN_INT_CONVERSION = YES;
				CLANG_WARN_OBJC_ROOT_CLASS = YES_ERROR;
				CLANG_WARN_SUSPICIOUS_MOVES = YES;
				CLANG_WARN_UNREACHABLE_CODE = YES;
				CLANG_WARN__DUPLICATE_METHOD_MATCH = YES;
				"CODE_SIGN_IDENTITY[sdk=iphoneos*]" = "iPhone Developer";
				COPY_PHASE_STRIP = NO;
				DEBUG_INFORMATION_FORMAT = "dwarf-with-dsym";
				ENABLE_NS_ASSERTIONS = NO;
				ENABLE_STRICT_OBJC_MSGSEND = YES;
				GCC_C_LANGUAGE_STANDARD = gnu99;
				GCC_NO_COMMON_BLOCKS = YES;
				GCC_WARN_64_TO_32_BIT_CONVERSION = YES;
				GCC_WARN_ABOUT_RETURN_TYPE = YES_ERROR;
				GCC_WARN_UNDECLARED_SELECTOR = YES;
				GCC_WARN_UNINITIALIZED_AUTOS = YES_AGGRESSIVE;
				GCC_WARN_UNUSED_FUNCTION = YES;
				GCC_WARN_UNUSED_VARIABLE = YES;
				IPHONEOS_DEPLOYMENT_TARGET = 10.1;
				MTL_ENABLE_DEBUG_INFO = NO;
				SDKROOT = iphoneos;
				TARGETED_DEVICE_FAMILY = 2;
				VALIDATE_PRODUCT = YES;
			};
			name = Release;
		};
		64BB87911E05512200F30A6E /* Debug */ = {
			isa = XCBuildConfiguration;
			buildSettings = {
				ASSETCATALOG_COMPILER_APPICON_NAME = AppIcon;
				ASSETCATALOG_COMPILER_LAUNCHIMAGE_NAME = LaunchImage;
				DEVELOPMENT_TEAM = VHCMRD88G8;
				GCC_PREFIX_HEADER = MTHD/PrefixHeader.pch;
				INFOPLIST_FILE = MTHD/Info.plist;
				IPHONEOS_DEPLOYMENT_TARGET = 9.0;
				LD_RUNPATH_SEARCH_PATHS = "$(inherited) @executable_path/Frameworks";
				PRODUCT_BUNDLE_IDENTIFIER = com.orangeYu.www.MTHD;
				PRODUCT_NAME = "$(TARGET_NAME)";
			};
			name = Debug;
		};
		64BB87921E05512200F30A6E /* Release */ = {
			isa = XCBuildConfiguration;
			buildSettings = {
				ASSETCATALOG_COMPILER_APPICON_NAME = AppIcon;
				ASSETCATALOG_COMPILER_LAUNCHIMAGE_NAME = LaunchImage;
				DEVELOPMENT_TEAM = VHCMRD88G8;
				GCC_PREFIX_HEADER = MTHD/PrefixHeader.pch;
				INFOPLIST_FILE = MTHD/Info.plist;
				IPHONEOS_DEPLOYMENT_TARGET = 9.0;
				LD_RUNPATH_SEARCH_PATHS = "$(inherited) @executable_path/Frameworks";
				PRODUCT_BUNDLE_IDENTIFIER = com.orangeYu.www.MTHD;
				PRODUCT_NAME = "$(TARGET_NAME)";
			};
			name = Release;
		};
/* End XCBuildConfiguration section */

/* Begin XCConfigurationList section */
		64BB87741E05512200F30A6E /* Build configuration list for PBXProject "MTHD" */ = {
			isa = XCConfigurationList;
			buildConfigurations = (
				64BB878E1E05512200F30A6E /* Debug */,
				64BB878F1E05512200F30A6E /* Release */,
			);
			defaultConfigurationIsVisible = 0;
			defaultConfigurationName = Release;
		};
		64BB87901E05512200F30A6E /* Build configuration list for PBXNativeTarget "MTHD" */ = {
			isa = XCConfigurationList;
			buildConfigurations = (
				64BB87911E05512200F30A6E /* Debug */,
				64BB87921E05512200F30A6E /* Release */,
			);
			defaultConfigurationIsVisible = 0;
			defaultConfigurationName = Release;
		};
/* End XCConfigurationList section */
	};
	rootObject = 64BB87711E05512200F30A6E /* Project object */;
}
